
Microsoft Visual Studio Solution File, Format Version 12.00
# Visual Studio 15
Project("{FAE04EC0-301F-11D3-BF4B-00C04F79EFBC}") = "UnityEngine.UI", "UnityEngine.UI.csproj", "{2C6F88F2-FB44-74DA-2EDA-1F3E97D57BD4}"
EndProject
Project("{FAE04EC0-301F-11D3-BF4B-00C04F79EFBC}") = "Assembly-CSharp", "Assembly-CSharp.csproj", "{B6F049EB-439F-80BB-E5E4-CA562DF38555}"
EndProject
Project("{FAE04EC0-301F-11D3-BF4B-00C04F79EFBC}") = "UnityEditor.UI", "UnityEditor.UI.csproj", "{D3756C69-4358-952D-E3F5-711D3C0D6F16}"
EndProject
Project("{FAE04EC0-301F-11D3-BF4B-00C04F79EFBC}") = "UnityEngine.UI", "UnityEngine.UI.Player.csproj", "{8B20B108-48FB-747A-2AEA-E225FAC24FD6}"
EndProject
Project("{FAE04EC0-301F-11D3-BF4B-00C04F79EFBC}") = "Assembly-CSharp", "Assembly-CSharp.Player.csproj", "{C78A5537-2434-0FE1-C55E-762E3E02C835}"
EndProject
Global
	GlobalSection(SolutionConfigurationPlatforms) = preSolution
		Debug|Any CPU = Debug|Any CPU
		Release|Any CPU = Release|Any CPU
	EndGlobalSection
	GlobalSection(ProjectConfigurationPlatforms) = postSolution
		{2C6F88F2-FB44-74DA-2EDA-1F3E97D57BD4}.Debug|Any CPU.ActiveCfg = Debug|Any CPU
		{2C6F88F2-FB44-74DA-2EDA-1F3E97D57BD4}.Debug|Any CPU.Build.0 = Debug|Any CPU
		{2C6F88F2-FB44-74DA-2EDA-1F3E97D57BD4}.Release|Any CPU.ActiveCfg = Release|Any CPU
		{2C6F88F2-FB44-74DA-2EDA-1F3E97D57BD4}.Release|Any CPU.Build.0 = Release|Any CPU
		{B6F049EB-439F-80BB-E5E4-CA562DF38555}.Debug|Any CPU.ActiveCfg = Debug|Any CPU
		{B6F049EB-439F-80BB-E5E4-CA562DF38555}.Debug|Any CPU.Build.0 = Debug|Any CPU
		{B6F049EB-439F-80BB-E5E4-CA562DF38555}.Release|Any CPU.ActiveCfg = Release|Any CPU
		{B6F049EB-439F-80BB-E5E4-CA562DF38555}.Release|Any CPU.Build.0 = Release|Any CPU
		{D3756C69-4358-952D-E3F5-711D3C0D6F16}.Debug|Any CPU.ActiveCfg = Debug|Any CPU
		{D3756C69-4358-952D-E3F5-711D3C0D6F16}.Debug|Any CPU.Build.0 = Debug|Any CPU
		{D3756C69-4358-952D-E3F5-711D3C0D6F16}.Release|Any CPU.ActiveCfg = Release|Any CPU
		{D3756C69-4358-952D-E3F5-711D3C0D6F16}.Release|Any CPU.Build.0 = Release|Any CPU
		{8B20B108-48FB-747A-2AEA-E225FAC24FD6}.Debug|Any CPU.ActiveCfg = Debug|Any CPU
		{8B20B108-48FB-747A-2AEA-E225FAC24FD6}.Debug|Any CPU.Build.0 = Debug|Any CPU
		{8B20B108-48FB-747A-2AEA-E225FAC24FD6}.Release|Any CPU.ActiveCfg = Release|Any CPU
		{8B20B108-48FB-747A-2AEA-E225FAC24FD6}.Release|Any CPU.Build.0 = Release|Any CPU
		{C78A5537-2434-0FE1-C55E-762E3E02C835}.Debug|Any CPU.ActiveCfg = Debug|Any CPU
		{C78A5537-2434-0FE1-C55E-762E3E02C835}.Debug|Any CPU.Build.0 = Debug|Any CPU
		{C78A5537-2434-0FE1-C55E-762E3E02C835}.Release|Any CPU.ActiveCfg = Release|Any CPU
		{C78A5537-2434-0FE1-C55E-762E3E02C835}.Release|Any CPU.Build.0 = Release|Any CPU
	EndGlobalSection
	GlobalSection(SolutionProperties) = preSolution
		HideSolutionNode = FALSE
	EndGlobalSection
EndGlobal
